
Microsoft Visual Studio Solution File, Format Version 12.00
# Visual Studio 14
VisualStudioVersion = 14.0.25123.0
MinimumVisualStudioVersion = 10.0.40219.1
Project("{FAE04EC0-301F-11D3-BF4B-00C04F79EFBC}") = "XXLib", "XXLib\XXLib.csproj", "{0E39636D-7EFE-43F6-9E5A-8B71AA6E3B6C}"
EndProject
Project("{FAE04EC0-301F-11D3-BF4B-00C04F79EFBC}") = "XXSample", "XXSample\XXSample.csproj", "{604EF97A-F168-4114-8F74-3AB457ECF049}"
EndProject
Project("{FAE04EC0-301F-11D3-BF4B-00C04F79EFBC}") = "XXTests", "XXTests\XXTests.csproj", "{0247A56E-D756-4731-A5B3-B00EBDB91128}"
EndProject
Global
	GlobalSection(SolutionConfigurationPlatforms) = preSolution
		Debug|Any CPU = Debug|Any CPU
		Release|Any CPU = Release|Any CPU
	EndGlobalSection
	GlobalSection(ProjectConfigurationPlatforms) = postSolution
		{0E39636D-7EFE-43F6-9E5A-8B71AA6E3B6C}.Debug|Any CPU.ActiveCfg = Debug|Any CPU
		{0E39636D-7EFE-43F6-9E5A-8B71AA6E3B6C}.Debug|Any CPU.Build.0 = Debug|Any CPU
		{0E39636D-7EFE-43F6-9E5A-8B71AA6E3B6C}.Release|Any CPU.ActiveCfg = Release|Any CPU
		{0E39636D-7EFE-43F6-9E5A-8B71AA6E3B6C}.Release|Any CPU.Build.0 = Release|Any CPU
		{604EF97A-F168-4114-8F74-3AB457ECF049}.Debug|Any CPU.ActiveCfg = Debug|Any CPU
		{604EF97A-F168-4114-8F74-3AB457ECF049}.Debug|Any CPU.Build.0 = Debug|Any CPU
		{604EF97A-F168-4114-8F74-3AB457ECF049}.Release|Any CPU.ActiveCfg = Release|Any CPU
		{604EF97A-F168-4114-8F74-3AB457ECF049}.Release|Any CPU.Build.0 = Release|Any CPU
		{0247A56E-D756-4731-A5B3-B00EBDB91128}.Debug|Any CPU.ActiveCfg = Debug|Any CPU
		{0247A56E-D756-4731-A5B3-B00EBDB91128}.Debug|Any CPU.Build.0 = Debug|Any CPU
		{0247A56E-D756-4731-A5B3-B00EBDB91128}.Release|Any CPU.ActiveCfg = Release|Any CPU
		{0247A56E-D756-4731-A5B3-B00EBDB91128}.Release|Any CPU.Build.0 = Release|Any CPU
	EndGlobalSection
	GlobalSection(SolutionProperties) = preSolution
		HideSolutionNode = FALSE
	EndGlobalSection
EndGlobal
